
Microsoft Visual Studio Solution File, Format Version 12.00
# Visual Studio Version 16
VisualStudioVersion = 16.0.31313.79
MinimumVisualStudioVersion = 10.0.40219.1
Project("{FAE04EC0-301F-11D3-BF4B-00C04F79EFBC}") = "HelloSecurity", "HelloSecurity\HelloSecurity.csproj", "{1A34D835-4E1A-4A43-9F54-71AD803C9AE5}"
EndProject
Global
	GlobalSection(SolutionConfigurationPlatforms) = preSolution
		Debug|Any CPU = Debug|Any CPU
		Release|Any CPU = Release|Any CPU
	EndGlobalSection
	GlobalSection(ProjectConfigurationPlatforms) = postSolution
		{1A34D835-4E1A-4A43-9F54-71AD803C9AE5}.Debug|Any CPU.ActiveCfg = Debug|Any CPU
		{1A34D835-4E1A-4A43-9F54-71AD803C9AE5}.Debug|Any CPU.Build.0 = Debug|Any CPU
		{1A34D835-4E1A-4A43-9F54-71AD803C9AE5}.Release|Any CPU.ActiveCfg = Release|Any CPU
		{1A34D835-4E1A-4A43-9F54-71AD803C9AE5}.Release|Any CPU.Build.0 = Release|Any CPU
	EndGlobalSection
	GlobalSection(SolutionProperties) = preSolution
		HideSolutionNode = FALSE
	EndGlobalSection
	GlobalSection(ExtensibilityGlobals) = postSolution
		SolutionGuid = {D0A0CE1E-87F6-4B47-8DD5-1CA557DC6D0E}
	EndGlobalSection
EndGlobal
